
Microsoft Visual Studio Solution File, Format Version 12.00
# Visual Studio Version 17
VisualStudioVersion = 17.8.34316.72
MinimumVisualStudioVersion = 10.0.40219.1
Project("{FAE04EC0-301F-11D3-BF4B-00C04F79EFBC}") = "DownloadCompleteNotifyRazorPages", "DownloadCompleteNotifyRazorPages\DownloadCompleteNotifyRazorPages.csproj", "{B918DE0C-F423-4AB2-8E3C-5C723FBC4527}"
EndProject
Project("{FAE04EC0-301F-11D3-BF4B-00C04F79EFBC}") = "DownloadCompleteNotifyMvc", "DownloadCompleteNotifyMvc\DownloadCompleteNotifyMvc.csproj", "{44BC97CC-AF60-421C-8894-430A35C5F7B5}"
EndProject
Global
	GlobalSection(SolutionConfigurationPlatforms) = preSolution
		Debug|Any CPU = Debug|Any CPU
		Release|Any CPU = Release|Any CPU
	EndGlobalSection
	GlobalSection(ProjectConfigurationPlatforms) = postSolution
		{B918DE0C-F423-4AB2-8E3C-5C723FBC4527}.Debug|Any CPU.ActiveCfg = Debug|Any CPU
		{B918DE0C-F423-4AB2-8E3C-5C723FBC4527}.Debug|Any CPU.Build.0 = Debug|Any CPU
		{B918DE0C-F423-4AB2-8E3C-5C723FBC4527}.Release|Any CPU.ActiveCfg = Release|Any CPU
		{B918DE0C-F423-4AB2-8E3C-5C723FBC4527}.Release|Any CPU.Build.0 = Release|Any CPU
		{44BC97CC-AF60-421C-8894-430A35C5F7B5}.Debug|Any CPU.ActiveCfg = Debug|Any CPU
		{44BC97CC-AF60-421C-8894-430A35C5F7B5}.Debug|Any CPU.Build.0 = Debug|Any CPU
		{44BC97CC-AF60-421C-8894-430A35C5F7B5}.Release|Any CPU.ActiveCfg = Release|Any CPU
		{44BC97CC-AF60-421C-8894-430A35C5F7B5}.Release|Any CPU.Build.0 = Release|Any CPU
	EndGlobalSection
	GlobalSection(SolutionProperties) = preSolution
		HideSolutionNode = FALSE
	EndGlobalSection
	GlobalSection(ExtensibilityGlobals) = postSolution
		SolutionGuid = {0960C585-8D12-458F-B952-DAC221EB4C93}
	EndGlobalSection
EndGlobal
